
Microsoft Visual Studio Solution File, Format Version 12.00
# Visual Studio 15
VisualStudioVersion = 15.0.26124.0
MinimumVisualStudioVersion = 15.0.26124.0
Project("{2150E333-8FDC-42A3-9474-1A3956D46DE8}") = "src", "src", "{41510301-8AA3-4321-ACD1-52BC42DE6DFE}"
EndProject
Project("{9A19103F-16F7-4668-BE54-9A1E7A4F7556}") = "ExamCalendarAssigner.Web", "src\ExamCalendarAssigner.Web\ExamCalendarAssigner.Web.csproj", "{6DB65F73-360A-4AAA-B604-E1775E4C30BA}"
EndProject
Project("{9A19103F-16F7-4668-BE54-9A1E7A4F7556}") = "ExamCalendarAssigner.Business", "src\ExamCalendarAssigner.Business\ExamCalendarAssigner.Business.csproj", "{2F5E6C7C-9D05-4C8C-9FF3-C0CB74EAAD77}"
EndProject
Project("{9A19103F-16F7-4668-BE54-9A1E7A4F7556}") = "ExamCalendarAssigner.Data", "src\ExamCalendarAssigner.Data\ExamCalendarAssigner.Data.csproj", "{95E6575C-83E3-43C3-BD28-99C25426DAB2}"
EndProject
Global
	GlobalSection(SolutionConfigurationPlatforms) = preSolution
		Debug|Any CPU = Debug|Any CPU
		Debug|x64 = Debug|x64
		Debug|x86 = Debug|x86
		Release|Any CPU = Release|Any CPU
		Release|x64 = Release|x64
		Release|x86 = Release|x86
	EndGlobalSection
	GlobalSection(ProjectConfigurationPlatforms) = postSolution
		{6DB65F73-360A-4AAA-B604-E1775E4C30BA}.Debug|Any CPU.ActiveCfg = Debug|Any CPU
		{6DB65F73-360A-4AAA-B604-E1775E4C30BA}.Debug|Any CPU.Build.0 = Debug|Any CPU
		{6DB65F73-360A-4AAA-B604-E1775E4C30BA}.Debug|x64.ActiveCfg = Debug|Any CPU
		{6DB65F73-360A-4AAA-B604-E1775E4C30BA}.Debug|x64.Build.0 = Debug|Any CPU
		{6DB65F73-360A-4AAA-B604-E1775E4C30BA}.Debug|x86.ActiveCfg = Debug|Any CPU
		{6DB65F73-360A-4AAA-B604-E1775E4C30BA}.Debug|x86.Build.0 = Debug|Any CPU
		{6DB65F73-360A-4AAA-B604-E1775E4C30BA}.Release|Any CPU.ActiveCfg = Release|Any CPU
		{6DB65F73-360A-4AAA-B604-E1775E4C30BA}.Release|Any CPU.Build.0 = Release|Any CPU
		{6DB65F73-360A-4AAA-B604-E1775E4C30BA}.Release|x64.ActiveCfg = Release|Any CPU
		{6DB65F73-360A-4AAA-B604-E1775E4C30BA}.Release|x64.Build.0 = Release|Any CPU
		{6DB65F73-360A-4AAA-B604-E1775E4C30BA}.Release|x86.ActiveCfg = Release|Any CPU
		{6DB65F73-360A-4AAA-B604-E1775E4C30BA}.Release|x86.Build.0 = Release|Any CPU
		{2F5E6C7C-9D05-4C8C-9FF3-C0CB74EAAD77}.Debug|Any CPU.ActiveCfg = Debug|Any CPU
		{2F5E6C7C-9D05-4C8C-9FF3-C0CB74EAAD77}.Debug|Any CPU.Build.0 = Debug|Any CPU
		{2F5E6C7C-9D05-4C8C-9FF3-C0CB74EAAD77}.Debug|x64.ActiveCfg = Debug|Any CPU
		{2F5E6C7C-9D05-4C8C-9FF3-C0CB74EAAD77}.Debug|x64.Build.0 = Debug|Any CPU
		{2F5E6C7C-9D05-4C8C-9FF3-C0CB74EAAD77}.Debug|x86.ActiveCfg = Debug|Any CPU
		{2F5E6C7C-9D05-4C8C-9FF3-C0CB74EAAD77}.Debug|x86.Build.0 = Debug|Any CPU
		{2F5E6C7C-9D05-4C8C-9FF3-C0CB74EAAD77}.Release|Any CPU.ActiveCfg = Release|Any CPU
		{2F5E6C7C-9D05-4C8C-9FF3-C0CB74EAAD77}.Release|Any CPU.Build.0 = Release|Any CPU
		{2F5E6C7C-9D05-4C8C-9FF3-C0CB74EAAD77}.Release|x64.ActiveCfg = Release|Any CPU
		{2F5E6C7C-9D05-4C8C-9FF3-C0CB74EAAD77}.Release|x64.Build.0 = Release|Any CPU
		{2F5E6C7C-9D05-4C8C-9FF3-C0CB74EAAD77}.Release|x86.ActiveCfg = Release|Any CPU
		{2F5E6C7C-9D05-4C8C-9FF3-C0CB74EAAD77}.Release|x86.Build.0 = Release|Any CPU
		{95E6575C-83E3-43C3-BD28-99C25426DAB2}.Debug|Any CPU.ActiveCfg = Debug|Any CPU
		{95E6575C-83E3-43C3-BD28-99C25426DAB2}.Debug|Any CPU.Build.0 = Debug|Any CPU
		{95E6575C-83E3-43C3-BD28-99C25426DAB2}.Debug|x64.ActiveCfg = Debug|Any CPU
		{95E6575C-83E3-43C3-BD28-99C25426DAB2}.Debug|x64.Build.0 = Debug|Any CPU
		{95E6575C-83E3-43C3-BD28-99C25426DAB2}.Debug|x86.ActiveCfg = Debug|Any CPU
		{95E6575C-83E3-43C3-BD28-99C25426DAB2}.Debug|x86.Build.0 = Debug|Any CPU
		{95E6575C-83E3-43C3-BD28-99C25426DAB2}.Release|Any CPU.ActiveCfg = Release|Any CPU
		{95E6575C-83E3-43C3-BD28-99C25426DAB2}.Release|Any CPU.Build.0 = Release|Any CPU
		{95E6575C-83E3-43C3-BD28-99C25426DAB2}.Release|x64.ActiveCfg = Release|Any CPU
		{95E6575C-83E3-43C3-BD28-99C25426DAB2}.Release|x64.Build.0 = Release|Any CPU
		{95E6575C-83E3-43C3-BD28-99C25426DAB2}.Release|x86.ActiveCfg = Release|Any CPU
		{95E6575C-83E3-43C3-BD28-99C25426DAB2}.Release|x86.Build.0 = Release|Any CPU
	EndGlobalSection
	GlobalSection(SolutionProperties) = preSolution
		HideSolutionNode = FALSE
	EndGlobalSection
	GlobalSection(NestedProjects) = preSolution
		{6DB65F73-360A-4AAA-B604-E1775E4C30BA} = {41510301-8AA3-4321-ACD1-52BC42DE6DFE}
		{2F5E6C7C-9D05-4C8C-9FF3-C0CB74EAAD77} = {41510301-8AA3-4321-ACD1-52BC42DE6DFE}
		{95E6575C-83E3-43C3-BD28-99C25426DAB2} = {41510301-8AA3-4321-ACD1-52BC42DE6DFE}
	EndGlobalSection
	GlobalSection(ExtensibilityGlobals) = postSolution
		SolutionGuid = {7F91FF57-A710-441F-BD33-61A59930C332}
	EndGlobalSection
EndGlobal
